
Microsoft Visual Studio Solution File, Format Version 12.00
# Visual Studio Version 17
VisualStudioVersion = 17.2.32516.85
MinimumVisualStudioVersion = 10.0.40219.1
Project("{FAE04EC0-301F-11D3-BF4B-00C04F79EFBC}") = "conteudoSobrecarga", "conteudoSobrecarga\conteudoSobrecarga.csproj", "{64014BF8-E5E7-4DD9-80B4-C51D8703DE79}"
EndProject
Global
	GlobalSection(SolutionConfigurationPlatforms) = preSolution
		Debug|Any CPU = Debug|Any CPU
		Release|Any CPU = Release|Any CPU
	EndGlobalSection
	GlobalSection(ProjectConfigurationPlatforms) = postSolution
		{64014BF8-E5E7-4DD9-80B4-C51D8703DE79}.Debug|Any CPU.ActiveCfg = Debug|Any CPU
		{64014BF8-E5E7-4DD9-80B4-C51D8703DE79}.Debug|Any CPU.Build.0 = Debug|Any CPU
		{64014BF8-E5E7-4DD9-80B4-C51D8703DE79}.Release|Any CPU.ActiveCfg = Release|Any CPU
		{64014BF8-E5E7-4DD9-80B4-C51D8703DE79}.Release|Any CPU.Build.0 = Release|Any CPU
	EndGlobalSection
	GlobalSection(SolutionProperties) = preSolution
		HideSolutionNode = FALSE
	EndGlobalSection
	GlobalSection(ExtensibilityGlobals) = postSolution
		SolutionGuid = {06BD1470-5DDD-4E06-8A71-A7925DFD888A}
	EndGlobalSection
EndGlobal
