
Microsoft Visual Studio Solution File, Format Version 12.00
# Visual Studio Version 17
VisualStudioVersion = 17.2.32516.85
MinimumVisualStudioVersion = 10.0.40219.1
Project("{FAE04EC0-301F-11D3-BF4B-00C04F79EFBC}") = "membrosEstaticos02", "membrosEstaticos02\membrosEstaticos02.csproj", "{5FBE9324-90C7-46E1-AD66-532F57D18A03}"
EndProject
Global
	GlobalSection(SolutionConfigurationPlatforms) = preSolution
		Debug|Any CPU = Debug|Any CPU
		Release|Any CPU = Release|Any CPU
	EndGlobalSection
	GlobalSection(ProjectConfigurationPlatforms) = postSolution
		{5FBE9324-90C7-46E1-AD66-532F57D18A03}.Debug|Any CPU.ActiveCfg = Debug|Any CPU
		{5FBE9324-90C7-46E1-AD66-532F57D18A03}.Debug|Any CPU.Build.0 = Debug|Any CPU
		{5FBE9324-90C7-46E1-AD66-532F57D18A03}.Release|Any CPU.ActiveCfg = Release|Any CPU
		{5FBE9324-90C7-46E1-AD66-532F57D18A03}.Release|Any CPU.Build.0 = Release|Any CPU
	EndGlobalSection
	GlobalSection(SolutionProperties) = preSolution
		HideSolutionNode = FALSE
	EndGlobalSection
	GlobalSection(ExtensibilityGlobals) = postSolution
		SolutionGuid = {B3689B87-6F75-46F5-8C8B-0322DBF4F896}
	EndGlobalSection
EndGlobal
