
Microsoft Visual Studio Solution File, Format Version 12.00
# Visual Studio Version 17
VisualStudioVersion = 17.2.32505.173
MinimumVisualStudioVersion = 10.0.40219.1
Project("{FAE04EC0-301F-11D3-BF4B-00C04F79EFBC}") = "problemaExemploSemOO", "problemaExemploSemOO\problemaExemploSemOO.csproj", "{118A9490-8B32-425E-AFA9-75A81EBCD506}"
EndProject
Global
	GlobalSection(SolutionConfigurationPlatforms) = preSolution
		Debug|Any CPU = Debug|Any CPU
		Release|Any CPU = Release|Any CPU
	EndGlobalSection
	GlobalSection(ProjectConfigurationPlatforms) = postSolution
		{118A9490-8B32-425E-AFA9-75A81EBCD506}.Debug|Any CPU.ActiveCfg = Debug|Any CPU
		{118A9490-8B32-425E-AFA9-75A81EBCD506}.Debug|Any CPU.Build.0 = Debug|Any CPU
		{118A9490-8B32-425E-AFA9-75A81EBCD506}.Release|Any CPU.ActiveCfg = Release|Any CPU
		{118A9490-8B32-425E-AFA9-75A81EBCD506}.Release|Any CPU.Build.0 = Release|Any CPU
	EndGlobalSection
	GlobalSection(SolutionProperties) = preSolution
		HideSolutionNode = FALSE
	EndGlobalSection
	GlobalSection(ExtensibilityGlobals) = postSolution
		SolutionGuid = {11FF3BD2-963B-4226-A5D5-0CF75ECB82E7}
	EndGlobalSection
EndGlobal
