
Microsoft Visual Studio Solution File, Format Version 12.00
# Visual Studio Version 17
VisualStudioVersion = 17.2.32516.85
MinimumVisualStudioVersion = 10.0.40219.1
Project("{FAE04EC0-301F-11D3-BF4B-00C04F79EFBC}") = "exercicioFixacao01", "exercicioFixacao01\exercicioFixacao01.csproj", "{B8FD921B-379E-4836-87F0-B7EBAC93EB08}"
EndProject
Global
	GlobalSection(SolutionConfigurationPlatforms) = preSolution
		Debug|Any CPU = Debug|Any CPU
		Release|Any CPU = Release|Any CPU
	EndGlobalSection
	GlobalSection(ProjectConfigurationPlatforms) = postSolution
		{B8FD921B-379E-4836-87F0-B7EBAC93EB08}.Debug|Any CPU.ActiveCfg = Debug|Any CPU
		{B8FD921B-379E-4836-87F0-B7EBAC93EB08}.Debug|Any CPU.Build.0 = Debug|Any CPU
		{B8FD921B-379E-4836-87F0-B7EBAC93EB08}.Release|Any CPU.ActiveCfg = Release|Any CPU
		{B8FD921B-379E-4836-87F0-B7EBAC93EB08}.Release|Any CPU.Build.0 = Release|Any CPU
	EndGlobalSection
	GlobalSection(SolutionProperties) = preSolution
		HideSolutionNode = FALSE
	EndGlobalSection
	GlobalSection(ExtensibilityGlobals) = postSolution
		SolutionGuid = {1F047C8A-0A04-4885-80CB-5FAFFD8F1D6E}
	EndGlobalSection
EndGlobal
