
Microsoft Visual Studio Solution File, Format Version 12.00
# Visual Studio Version 17
VisualStudioVersion = 17.2.32516.85
MinimumVisualStudioVersion = 10.0.40219.1
Project("{FAE04EC0-301F-11D3-BF4B-00C04F79EFBC}") = "conteudoAutoProperties", "conteudoAutoProperties\conteudoAutoProperties.csproj", "{5DBECFBB-D8D6-476E-9F80-E02D2D75E563}"
EndProject
Global
	GlobalSection(SolutionConfigurationPlatforms) = preSolution
		Debug|Any CPU = Debug|Any CPU
		Release|Any CPU = Release|Any CPU
	EndGlobalSection
	GlobalSection(ProjectConfigurationPlatforms) = postSolution
		{5DBECFBB-D8D6-476E-9F80-E02D2D75E563}.Debug|Any CPU.ActiveCfg = Debug|Any CPU
		{5DBECFBB-D8D6-476E-9F80-E02D2D75E563}.Debug|Any CPU.Build.0 = Debug|Any CPU
		{5DBECFBB-D8D6-476E-9F80-E02D2D75E563}.Release|Any CPU.ActiveCfg = Release|Any CPU
		{5DBECFBB-D8D6-476E-9F80-E02D2D75E563}.Release|Any CPU.Build.0 = Release|Any CPU
	EndGlobalSection
	GlobalSection(SolutionProperties) = preSolution
		HideSolutionNode = FALSE
	EndGlobalSection
	GlobalSection(ExtensibilityGlobals) = postSolution
		SolutionGuid = {2BE20B1E-0612-4CE6-9A76-4CD2A6E47F14}
	EndGlobalSection
EndGlobal
