
Microsoft Visual Studio Solution File, Format Version 12.00
# Visual Studio Version 17
VisualStudioVersion = 17.2.32505.173
MinimumVisualStudioVersion = 10.0.40219.1
Project("{FAE04EC0-301F-11D3-BF4B-00C04F79EFBC}") = "funcoes", "funcoes\funcoes.csproj", "{33651E47-6493-4683-B65E-0A342D766468}"
EndProject
Global
	GlobalSection(SolutionConfigurationPlatforms) = preSolution
		Debug|Any CPU = Debug|Any CPU
		Release|Any CPU = Release|Any CPU
	EndGlobalSection
	GlobalSection(ProjectConfigurationPlatforms) = postSolution
		{33651E47-6493-4683-B65E-0A342D766468}.Debug|Any CPU.ActiveCfg = Debug|Any CPU
		{33651E47-6493-4683-B65E-0A342D766468}.Debug|Any CPU.Build.0 = Debug|Any CPU
		{33651E47-6493-4683-B65E-0A342D766468}.Release|Any CPU.ActiveCfg = Release|Any CPU
		{33651E47-6493-4683-B65E-0A342D766468}.Release|Any CPU.Build.0 = Release|Any CPU
	EndGlobalSection
	GlobalSection(SolutionProperties) = preSolution
		HideSolutionNode = FALSE
	EndGlobalSection
	GlobalSection(ExtensibilityGlobals) = postSolution
		SolutionGuid = {66C8711D-DEEC-4978-8AB4-F2640CB6F59F}
	EndGlobalSection
EndGlobal
