
Microsoft Visual Studio Solution File, Format Version 12.00
# Visual Studio Version 17
VisualStudioVersion = 17.2.32516.85
MinimumVisualStudioVersion = 10.0.40219.1
Project("{FAE04EC0-301F-11D3-BF4B-00C04F79EFBC}") = "conteudoConstrutores", "conteudoConstrutores\conteudoConstrutores.csproj", "{EF0EFC8A-D83A-4935-8E06-6B6E08B190C0}"
EndProject
Global
	GlobalSection(SolutionConfigurationPlatforms) = preSolution
		Debug|Any CPU = Debug|Any CPU
		Release|Any CPU = Release|Any CPU
	EndGlobalSection
	GlobalSection(ProjectConfigurationPlatforms) = postSolution
		{EF0EFC8A-D83A-4935-8E06-6B6E08B190C0}.Debug|Any CPU.ActiveCfg = Debug|Any CPU
		{EF0EFC8A-D83A-4935-8E06-6B6E08B190C0}.Debug|Any CPU.Build.0 = Debug|Any CPU
		{EF0EFC8A-D83A-4935-8E06-6B6E08B190C0}.Release|Any CPU.ActiveCfg = Release|Any CPU
		{EF0EFC8A-D83A-4935-8E06-6B6E08B190C0}.Release|Any CPU.Build.0 = Release|Any CPU
	EndGlobalSection
	GlobalSection(SolutionProperties) = preSolution
		HideSolutionNode = FALSE
	EndGlobalSection
	GlobalSection(ExtensibilityGlobals) = postSolution
		SolutionGuid = {F16A0B22-AB64-47E4-A9BC-83EEDA2B7124}
	EndGlobalSection
EndGlobal
