
Microsoft Visual Studio Solution File, Format Version 12.00
# Visual Studio Version 17
VisualStudioVersion = 17.2.32516.85
MinimumVisualStudioVersion = 10.0.40219.1
Project("{FAE04EC0-301F-11D3-BF4B-00C04F79EFBC}") = "membrosEstaticos", "membrosEstaticos\membrosEstaticos.csproj", "{51D8C156-B283-4BDB-98D8-91C3D510B67B}"
EndProject
Global
	GlobalSection(SolutionConfigurationPlatforms) = preSolution
		Debug|Any CPU = Debug|Any CPU
		Release|Any CPU = Release|Any CPU
	EndGlobalSection
	GlobalSection(ProjectConfigurationPlatforms) = postSolution
		{51D8C156-B283-4BDB-98D8-91C3D510B67B}.Debug|Any CPU.ActiveCfg = Debug|Any CPU
		{51D8C156-B283-4BDB-98D8-91C3D510B67B}.Debug|Any CPU.Build.0 = Debug|Any CPU
		{51D8C156-B283-4BDB-98D8-91C3D510B67B}.Release|Any CPU.ActiveCfg = Release|Any CPU
		{51D8C156-B283-4BDB-98D8-91C3D510B67B}.Release|Any CPU.Build.0 = Release|Any CPU
	EndGlobalSection
	GlobalSection(SolutionProperties) = preSolution
		HideSolutionNode = FALSE
	EndGlobalSection
	GlobalSection(ExtensibilityGlobals) = postSolution
		SolutionGuid = {3081DBF9-3417-4048-9D11-F80F3A827CE9}
	EndGlobalSection
EndGlobal
